{
  "pins" : [
    {
      "identity" : "mapbox-common-ios",
      "kind" : "remoteSourceControl",
      "location" : "https://github.com/mapbox/mapbox-common-ios.git",
      "state" : {
        "revision" : "ccbe1677b03cdb4aca19b7749cae0f1eb953a0a0",
        "version" : "23.1.0-beta.1"
      }
    },
    {
      "identity" : "mapbox-core-maps-ios",
      "kind" : "remoteSourceControl",
      "location" : "https://github.com/mapbox/mapbox-core-maps-ios.git",
      "state" : {
        "revision" : "9d2356fe49e1af9940fd82d5cb3a641536fb09ac",
        "version" : "10.9.0-beta.1"
      }
    },
    {
      "identity" : "mapbox-events-ios",
      "kind" : "remoteSourceControl",
      "location" : "https://github.com/mapbox/mapbox-events-ios.git",
      "state" : {
        "revision" : "5e130fba637f5bbb0bb8bca0dec8d38a06ce07bf",
        "version" : "1.0.8"
      }
    },
    {
      "identity" : "mapbox-maps-ios",
      "kind" : "remoteSourceControl",
      "location" : "https://github.com/mapbox/mapbox-maps-ios.git",
      "state" : {
        "branch" : "main",
        "revision" : "ca8335858085f7d955494730e40fb133567b4495"
      }
    },
    {
      "identity" : "maplibre-gl-native-distribution",
      "kind" : "remoteSourceControl",
      "location" : "https://github.com/maplibre/maplibre-gl-native-distribution",
      "state" : {
        "revision" : "4e44c56a54fd3750a24388827f78c8360b0a50f2",
        "version" : "5.12.1"
      }
    },
    {
      "identity" : "turf-swift",
      "kind" : "remoteSourceControl",
      "location" : "https://github.com/mapbox/turf-swift.git",
      "state" : {
        "revision" : "dbc07b0a298d642414d3abec59c9eaba1fb3367f",
        "version" : "2.5.0"
      }
    }
  ],
  "version" : 2
}
